github.com/gohugoio/hugo-mod-jslibs-dist/popperjs/v2 v2.21100.20000 h1:GZxx4Hc+yb0/t3/rau1j8XlAxLE4CyXns2fqQbyqWfs=
github.com/gohugoio/hugo-mod-jslibs-dist/popperjs/v2 v2.21100.20000/go.mod h1:mFberT6ZtcchrsDtfvJM7aAH2bDKLdOnruUHl0hlapI=
github.com/hugolify/hugolify-theme v1.17.1 h1:0VaejYGVpq6JRxTDHmYnq4XFjmvxLB0XSqfA0FAKUL4=
github.com/hugolify/hugolify-theme v1.17.1/go.mod h1:yDbH6g0BJAqjueFrZ13u2lC9gWsYuKDFjQirn805zvo=
github.com/hugolify/hugolify-theme-casestudies v1.0.11 h1:LMUqECCVWQI5J5JxhlMaOr702wFacJWndkS2+P8h1y0=
github.com/hugolify/hugolify-theme-casestudies v1.0.11/go.mod h1:qq89c1Emj7lKoWho23RA9X3rPq+8H96mfO8KI5Twr7A=
github.com/sebousan/hugolify-theme-uncinqify v0.0.0-20240912120526-112a3ec90fc9 h1:DEAoMlI/GCsLEUu6PBiLVjoi2vFLNhyq02fqDJyMDO4=
github.com/sebousan/hugolify-theme-uncinqify v0.0.0-20240912120526-112a3ec90fc9/go.mod h1:yUc+GkvQkafMqFMGqXWLTutcRJ5+MIoP3uCoWUixQXg=
github.com/twbs/bootstrap v5.3.3+incompatible h1:goFoqinzdHfkeegpFP7pvhbd0g+A3O2hbU3XCjuNrEQ=
github.com/twbs/bootstrap v5.3.3+incompatible/go.mod h1:fZTSrkpSf0/HkL0IIJzvVspTt1r9zuf7XlZau8kpcY0=
